# THIS IS AN AUTOGENERATED FILE. DO NOT EDIT THIS FILE DIRECTLY.
# yarn lockfile v1


react-tilt@^1.0.2:
  version "1.0.2"
  resolved "https://registry.yarnpkg.com/react-tilt/-/react-tilt-1.0.2.tgz#89e1749939275204ebbc04565778abf972196cbe"
  integrity sha512-21tUUsmuw5id/6NDtKqwYTG4taVnw+BoUwIG6YsgPC9GI6cx4BnBuSqgriQYAYcv3bdGNzecaBL+rvQRAm28bg==

vanilla-tilt@^1.8.1:
  version "1.8.1"
  resolved "https://registry.yarnpkg.com/vanilla-tilt/-/vanilla-tilt-1.8.1.tgz#09cb4dc89509a55a44bb221917bb8ecdc2e39113"
  integrity sha512-hPB1XUsnh+SIeVSW2beb5RnuFxz4ZNgxjGD78o52F49gS4xaoLeEMh9qrQnJrnEn/vjjBI7IlxrrXmz4tGV0Kw==
